
Microsoft Visual Studio Solution File, Format Version 12.00
# Visual Studio 2012
Project("{8BC9CEB9-8B4A-11D0-8D11-00A0C91BC942}") = "Buildron.ClassicMods.EasterEggMod", "Buildron.ClassicMods.EasterEggMod.dll", "{FCE5824C-AAD1-44FC-B847-94FD1C267096}"
	ProjectSection(MonoDevelopProperties) = preProject
		BaseDirectory = ..\..\..\..\Solution\Buildron.ClassicMods.EasterEggMod
		name = Buildron.ClassicMods.EasterEggMod
		Configurations = $0
		$0.Configuration = $1
		$1.name = Default
		$1.OutputPath = .\
		$1.ctype = ProjectConfiguration
	EndProjectSection
EndProject
Global
	GlobalSection(SolutionConfigurationPlatforms) = preSolution
		Default|Any CPU = Default|Any CPU
	EndGlobalSection
	GlobalSection(ProjectConfigurationPlatforms) = postSolution
		{FCE5824C-AAD1-44FC-B847-94FD1C267096}.Default|Any CPU.ActiveCfg = Default|Any CPU
		{FCE5824C-AAD1-44FC-B847-94FD1C267096}.Default|Any CPU.Build.0 = Default|Any CPU
	EndGlobalSection
EndGlobal
