Microsoft Visual Studio Solution File, Format Version 11.00
# Visual Studio 2008

Project("{DAB615AD-ACB8-ACA7-98F6-54987CD30F5F}") = "Buildron.ClassicMods.EasterEggMod", "Assembly-CSharp.csproj", "{3457A122-83FF-3938-FF3A-AFC7F57226F9}"
EndProject
Global
	GlobalSection(SolutionConfigurationPlatforms) = preSolution
		Debug|Any CPU = Debug|Any CPU
		Release|Any CPU = Release|Any CPU
	EndGlobalSection
	GlobalSection(ProjectConfigurationPlatforms) = postSolution
		{3457A122-83FF-3938-FF3A-AFC7F57226F9}.Debug|Any CPU.ActiveCfg = Debug|Any CPU
		{3457A122-83FF-3938-FF3A-AFC7F57226F9}.Debug|Any CPU.Build.0 = Debug|Any CPU
		{3457A122-83FF-3938-FF3A-AFC7F57226F9}.Release|Any CPU.ActiveCfg = Release|Any CPU
		{3457A122-83FF-3938-FF3A-AFC7F57226F9}.Release|Any CPU.Build.0 = Release|Any CPU
	EndGlobalSection
	GlobalSection(SolutionProperties) = preSolution
		HideSolutionNode = FALSE
	EndGlobalSection
	GlobalSection(MonoDevelopProperties) = preSolution
		StartupItem = Assembly-CSharp.csproj
	EndGlobalSection
EndGlobal
