
Microsoft Visual Studio Solution File, Format Version 12.00
# Visual Studio 2015
Project("{FAE04EC0-301F-11D3-BF4B-00C04F79EFBC}") = "Buildron.ClassicMods.EasterEggMod.CSharp", "Buildron.ClassicMods.EasterEggMod.CSharp.csproj", "{DF7E93C0-A255-E7F3-58EF-4AAE13E2CAD6}"
EndProject
Global
	GlobalSection(SolutionConfigurationPlatforms) = preSolution
		Debug|Any CPU = Debug|Any CPU
		Release|Any CPU = Release|Any CPU
	EndGlobalSection
	GlobalSection(ProjectConfigurationPlatforms) = postSolution
		{DF7E93C0-A255-E7F3-58EF-4AAE13E2CAD6}.Debug|Any CPU.ActiveCfg = Debug|Any CPU
		{DF7E93C0-A255-E7F3-58EF-4AAE13E2CAD6}.Debug|Any CPU.Build.0 = Debug|Any CPU
		{DF7E93C0-A255-E7F3-58EF-4AAE13E2CAD6}.Release|Any CPU.ActiveCfg = Release|Any CPU
		{DF7E93C0-A255-E7F3-58EF-4AAE13E2CAD6}.Release|Any CPU.Build.0 = Release|Any CPU
	EndGlobalSection
	GlobalSection(SolutionProperties) = preSolution
		HideSolutionNode = FALSE
	EndGlobalSection
EndGlobal
